
Microsoft Visual Studio Solution File, Format Version 12.00
# Visual Studio 15
VisualStudioVersion = 15.0.27130.2036
MinimumVisualStudioVersion = 10.0.40219.1
Project("{FAE04EC0-301F-11D3-BF4B-00C04F79EFBC}") = "CRUD", "CRUD\CRUD.csproj", "{B6A51FB2-80E3-4CCE-8B1E-87D4213E69CD}"
EndProject
Global
	GlobalSection(SolutionConfigurationPlatforms) = preSolution
		Debug|Any CPU = Debug|Any CPU
		Release|Any CPU = Release|Any CPU
	EndGlobalSection
	GlobalSection(ProjectConfigurationPlatforms) = postSolution
		{B6A51FB2-80E3-4CCE-8B1E-87D4213E69CD}.Debug|Any CPU.ActiveCfg = Debug|Any CPU
		{B6A51FB2-80E3-4CCE-8B1E-87D4213E69CD}.Debug|Any CPU.Build.0 = Debug|Any CPU
		{B6A51FB2-80E3-4CCE-8B1E-87D4213E69CD}.Release|Any CPU.ActiveCfg = Release|Any CPU
		{B6A51FB2-80E3-4CCE-8B1E-87D4213E69CD}.Release|Any CPU.Build.0 = Release|Any CPU
	EndGlobalSection
	GlobalSection(SolutionProperties) = preSolution
		HideSolutionNode = FALSE
	EndGlobalSection
	GlobalSection(ExtensibilityGlobals) = postSolution
		SolutionGuid = {89B80AEF-B194-4C70-92CB-7C3025E2E68F}
	EndGlobalSection
EndGlobal
